# @generated - this file is auto-generated by `mise lock` https://mise.jdx.dev/dev-tools/mise-lock.html

[[tools.ast-grep]]
version = "0.44.1"
backend = "aqua:ast-grep/ast-grep"

[tools.ast-grep."platforms.linux-x64"]
checksum = "sha256:611f9e5e76f2611ecea1a35dd3468ceedf600641a11224b80341d79c6ee7b9dd"
url = "https://github.com/ast-grep/ast-grep/releases/download/0.44.1/app-x86_64-unknown-linux-gnu.zip"
url_api = "https://api.github.com/repos/ast-grep/ast-grep/releases/assets/466366790"

[[tools.buf]]
version = "1.72.0"
backend = "aqua:bufbuild/buf"

[tools.buf."platforms.linux-x64"]
checksum = "sha256:a9c6186cf6fcf062b247345e1b7b12c26f580c1b2a4bbf4d3fe080abf85ceee8"
url = "https://github.com/bufbuild/buf/releases/download/v1.72.0/buf-Linux-x86_64.tar.gz"
url_api = "https://api.github.com/repos/bufbuild/buf/releases/assets/480772583"
provenance = "minisign"

[[tools.cargo-binstall]]
version = "1.21.1"
backend = "aqua:cargo-bins/cargo-binstall"

[tools.cargo-binstall."platforms.linux-x64"]
checksum = "sha256:630c8f8803a686aa6779497f0f0fb51d49822fb5fc3c514d8ced33b34e338e6e"
url = "https://github.com/cargo-bins/cargo-binstall/releases/download/v1.21.1/cargo-binstall-x86_64-unknown-linux-musl.tgz"
url_api = "https://api.github.com/repos/cargo-bins/cargo-binstall/releases/assets/489425174"
provenance = "github-attestations"

[[tools."cargo:cargo-llvm-cov"]]
version = "0.8.7"
backend = "cargo:cargo-llvm-cov"

[[tools."cargo:cargo-nextest"]]
version = "0.9.143"
backend = "cargo:cargo-nextest"

[[tools.just]]
version = "1.56.0"
backend = "aqua:casey/just"

[tools.just."platforms.linux-x64"]
checksum = "sha256:fa2a8ec1015d9df5330941ade12437488fc40d33f9c9f8cd4eb70a26de11b639"
url = "https://github.com/casey/just/releases/download/1.56.0/just-1.56.0-x86_64-unknown-linux-musl.tar.gz"
url_api = "https://api.github.com/repos/casey/just/releases/assets/472074624"

[[tools.protoc]]
version = "35.1"
backend = "aqua:protocolbuffers/protobuf/protoc"

[tools.protoc."platforms.linux-x64"]
checksum = "sha256:6930ebf62bd4ea607b98fff052596c6ee564b9835b4ce172c75a3f53ae9d91b7"
url = "https://github.com/protocolbuffers/protobuf/releases/download/v35.1/protoc-35.1-linux-x86_64.zip"
url_api = "https://api.github.com/repos/protocolbuffers/protobuf/releases/assets/445060247"

[[tools.rust]]
version = "stable"
backend = "core:rust"

[tools.rust.options]
components = "clippy,rustfmt"
profile = "minimal"
